// !$*UTF8*$!
{
	archiveVersion = 1;
	classes = {
	};
	objectVersion = 46;
	objects = {

/* Begin PBXBuildFile section */
		794B0E581AEFDB970040F672 /* AppDelegate.swift in Sources */ = {isa = PBXBuildFile; fileRef = 794B0E571AEFDB970040F672 /* AppDelegate.swift */; };
		794B0E5F1AEFDB970040F672 /* Main.storyboard in Resources */ = {isa = PBXBuildFile; fileRef = 794B0E5D1AEFDB970040F672 /* Main.storyboard */; };
		794B0E611AEFDB970040F672 /* Images.xcassets in Resources */ = {isa = PBXBuildFile; fileRef = 794B0E601AEFDB970040F672 /* Images.xcassets */; };
		794B0E641AEFDB970040F672 /* LaunchScreen.xib in Resources */ = {isa = PBXBuildFile; fileRef = 794B0E621AEFDB970040F672 /* LaunchScreen.xib */; };
		794B0E701AEFDB970040F672 /* ContactsTests.swift in Sources */ = {isa = PBXBuildFile; fileRef = 794B0E6F1AEFDB970040F672 /* ContactsTests.swift */; };
/* End PBXBuildFile section */

/* Begin PBXContainerItemProxy section */
		794B0E6A1AEFDB970040F672 /* PBXContainerItemProxy */ = {
			isa = PBXContainerItemProxy;
			containerPortal = 794B0E4A1AEFDB970040F672 /* Project object */;
			proxyType = 1;
			remoteGlobalIDString = 794B0E511AEFDB970040F672;
			remoteInfo = Contacts;
		};
/* End PBXContainerItemProxy section */

/* Begin PBXFileReference section */
		794B0E521AEFDB970040F672 /* Contacts.app */ = {isa = PBXFileReference; explicitFileType = wrapper.application; includeInIndex = 0; path = Contacts.app; sourceTree = BUILT_PRODUCTS_DIR; };
		794B0E561AEFDB970040F672 /* Info.plist */ = {isa = PBXFileReference; lastKnownFileType = text.plist.xml; path = Info.plist; sourceTree = "<group>"; };
		794B0E571AEFDB970040F672 /* AppDelegate.swift */ = {isa = PBXFileReference; lastKnownFileType = sourcecode.swift; path = AppDelegate.swift; sourceTree = "<group>"; };
		794B0E5E1AEFDB970040F672 /* Base */ = {isa = PBXFileReference; lastKnownFileType = file.storyboard; name = Base; path = Base.lproj/Main.storyboard; sourceTree = "<group>"; };
		794B0E601AEFDB970040F672 /* Images.xcassets */ = {isa = PBXFileReference; lastKnownFileType = folder.assetcatalog; path = Images.xcassets; sourceTree = "<group>"; };
		794B0E631AEFDB970040F672 /* Base */ = {isa = PBXFileReference; lastKnownFileType = file.xib; name = Base; path = Base.lproj/LaunchScreen.xib; sourceTree = "<group>"; };
		794B0E691AEFDB970040F672 /* ContactsTests.xctest */ = {isa = PBXFileReference; explicitFileType = wrapper.cfbundle; includeInIndex = 0; path = ContactsTests.xctest; sourceTree = BUILT_PRODUCTS_DIR; };
		794B0E6E1AEFDB970040F672 /* Info.plist */ = {isa = PBXFileReference; lastKnownFileType = text.plist.xml; path = Info.plist; sourceTree = "<group>"; };
		794B0E6F1AEFDB970040F672 /* ContactsTests.swift */ = {isa = PBXFileReference; lastKnownFileType = sourcecode.swift; path = ContactsTests.swift; sourceTree = "<group>"; };
/* End PBXFileReference section */

/* Begin PBXFrameworksBuildPhase section */
		794B0E4F1AEFDB970040F672 /* Frameworks */ = {
			isa = PBXFrameworksBuildPhase;
			buildActionMask = 2147483647;
			files = (
			);
			runOnlyForDeploymentPostprocessing = 0;
		};
		794B0E661AEFDB970040F672 /* Frameworks */ = {
			isa = PBXFrameworksBuildPhase;
			buildActionMask = 2147483647;
			files = (
			);
			runOnlyForDeploymentPostprocessing = 0;
		};
/* End PBXFrameworksBuildPhase section */

/* Begin PBXGroup section */
		794B0E491AEFDB970040F672 = {
			isa = PBXGroup;
			children = (
				794B0E541AEFDB970040F672 /* Contacts */,
				794B0E6C1AEFDB970040F672 /* ContactsTests */,
				794B0E531AEFDB970040F672 /* Products */,
			);
			sourceTree = "<group>";
		};
		794B0E531AEFDB970040F672 /* Products */ = {
			isa = PBXGroup;
			children = (
				794B0E521AEFDB970040F672 /* Contacts.app */,
				794B0E691AEFDB970040F672 /* ContactsTests.xctest */,
			);
			name = Products;
			sourceTree = "<group>";
		};
		794B0E541AEFDB970040F672 /* Contacts */ = {
			isa = PBXGroup;
			children = (
				794B0E571AEFDB970040F672 /* AppDelegate.swift */,
				794B0E5D1AEFDB970040F672 /* Main.storyboard */,
				794B0E601AEFDB970040F672 /* Images.xcassets */,
				794B0E621AEFDB970040F672 /* LaunchScreen.xib */,
				794B0E551AEFDB970040F672 /* Supporting Files */,
			);
			path = Contacts;
			sourceTree = "<group>";
		};
		794B0E551AEFDB970040F672 /* Supporting Files */ = {
			isa = PBXGroup;
			children = (
				794B0E561AEFDB970040F672 /* Info.plist */,
			);
			name = "Supporting Files";
			sourceTree = "<group>";
		};
		794B0E6C1AEFDB970040F672 /* ContactsTests */ = {
			isa = PBXGroup;
			children = (
				794B0E6F1AEFDB970040F672 /* ContactsTests.swift */,
				794B0E6D1AEFDB970040F672 /* Supporting Files */,
			);
			path = ContactsTests;
			sourceTree = "<group>";
		};
		794B0E6D1AEFDB970040F672 /* Supporting Files */ = {
			isa = PBXGroup;
			children = (
				794B0E6E1AEFDB970040F672 /* Info.plist */,
			);
			name = "Supporting Files";
			sourceTree = "<group>";
		};
/* End PBXGroup section */

/* Begin PBXNativeTarget section */
		794B0E511AEFDB970040F672 /* Contacts */ = {
			isa = PBXNativeTarget;
			buildConfigurationList = 794B0E731AEFDB970040F672 /* Build configuration list for PBXNativeTarget "Contacts" */;
			buildPhases = (
				794B0E4E1AEFDB970040F672 /* Sources */,
				794B0E4F1AEFDB970040F672 /* Frameworks */,
				794B0E501AEFDB970040F672 /* Resources */,
			);
			buildRules = (
			);
			dependencies = (
			);
			name = Contacts;
			productName = Contacts;
			productReference = 794B0E521AEFDB970040F672 /* Contacts.app */;
			productType = "com.apple.product-type.application";
		};
		794B0E681AEFDB970040F672 /* ContactsTests */ = {
			isa = PBXNativeTarget;
			buildConfigurationList = 794B0E761AEFDB970040F672 /* Build configuration list for PBXNativeTarget "ContactsTests" */;
			buildPhases = (
				794B0E651AEFDB970040F672 /* Sources */,
				794B0E661AEFDB970040F672 /* Frameworks */,
				794B0E671AEFDB970040F672 /* Resources */,
			);
			buildRules = (
			);
			dependencies = (
				794B0E6B1AEFDB970040F672 /* PBXTargetDependency */,
			);
			name = ContactsTests;
			productName = ContactsTests;
			productReference = 794B0E691AEFDB970040F672 /* ContactsTests.xctest */;
			productType = "com.apple.product-type.bundle.unit-test";
		};
/* End PBXNativeTarget section */

/* Begin PBXProject section */
		794B0E4A1AEFDB970040F672 /* Project object */ = {
			isa = PBXProject;
			attributes = {
				LastUpgradeCheck = 0640;
				ORGANIZATIONNAME = "Daniel Love";
				TargetAttributes = {
					794B0E511AEFDB970040F672 = {
						CreatedOnToolsVersion = 6.4;
					};
					794B0E681AEFDB970040F672 = {
						CreatedOnToolsVersion = 6.4;
						TestTargetID = 794B0E511AEFDB970040F672;
					};
				};
			};
			buildConfigurationList = 794B0E4D1AEFDB970040F672 /* Build configuration list for PBXProject "Contacts" */;
			compatibilityVersion = "Xcode 3.2";
			developmentRegion = English;
			hasScannedForEncodings = 0;
			knownRegions = (
				en,
				Base,
			);
			mainGroup = 794B0E491AEFDB970040F672;
			productRefGroup = 794B0E531AEFDB970040F672 /* Products */;
			projectDirPath = "";
			projectRoot = "";
			targets = (
				794B0E511AEFDB970040F672 /* Contacts */,
				794B0E681AEFDB970040F672 /* ContactsTests */,
			);
		};
/* End PBXProject section */

/* Begin PBXResourcesBuildPhase section */
		794B0E501AEFDB970040F672 /* Resources */ = {
			isa = PBXResourcesBuildPhase;
			buildActionMask = 2147483647;
			files = (
				794B0E5F1AEFDB970040F672 /* Main.storyboard in Resources */,
				794B0E641AEFDB970040F672 /* LaunchScreen.xib in Resources */,
				794B0E611AEFDB970040F672 /* Images.xcassets in Resources */,
			);
			runOnlyForDeploymentPostprocessing = 0;
		};
		794B0E671AEFDB970040F672 /* Resources */ = {
			isa = PBXResourcesBuildPhase;
			buildActionMask = 2147483647;
			files = (
			);
			runOnlyForDeploymentPostprocessing = 0;
		};
/* End PBXResourcesBuildPhase section */

/* Begin PBXSourcesBuildPhase section */
		794B0E4E1AEFDB970040F672 /* Sources */ = {
			isa = PBXSourcesBuildPhase;
			buildActionMask = 2147483647;
			files = (
				794B0E581AEFDB970040F672 /* AppDelegate.swift in Sources */,
			);
			runOnlyForDeploymentPostprocessing = 0;
		};
		794B0E651AEFDB970040F672 /* Sources */ = {
			isa = PBXSourcesBuildPhase;
			buildActionMask = 2147483647;
			files = (
				794B0E701AEFDB970040F672 /* ContactsTests.swift in Sources */,
			);
			runOnlyForDeploymentPostprocessing = 0;
		};
/* End PBXSourcesBuildPhase section */

/* Begin PBXTargetDependency section */
		794B0E6B1AEFDB970040F672 /* PBXTargetDependency */ = {
			isa = PBXTargetDependency;
			target = 794B0E511AEFDB970040F672 /* Contacts */;
			targetProxy = 794B0E6A1AEFDB970040F672 /* PBXContainerItemProxy */;
		};
/* End PBXTargetDependency section */

/* Begin PBXVariantGroup section */
		794B0E5D1AEFDB970040F672 /* Main.storyboard */ = {
			isa = PBXVariantGroup;
			children = (
				794B0E5E1AEFDB970040F672 /* Base */,
			);
			name = Main.storyboard;
			sourceTree = "<group>";
		};
		794B0E621AEFDB970040F672 /* LaunchScreen.xib */ = {
			isa = PBXVariantGroup;
			children = (
				794B0E631AEFDB970040F672 /* Base */,
			);
			name = LaunchScreen.xib;
			sourceTree = "<group>";
		};
/* End PBXVariantGroup section */

/* Begin XCBuildConfiguration section */
		794B0E711AEFDB970040F672 /* Debug */ = {
			isa = XCBuildConfiguration;
			buildSettings = {
				ALWAYS_SEARCH_USER_PATHS = NO;
				CLANG_CXX_LANGUAGE_STANDARD = "gnu++0x";
				CLANG_CXX_LIBRARY = "libc++";
				CLANG_ENABLE_MODULES = YES;
				CLANG_ENABLE_OBJC_ARC = YES;
				CLANG_WARN_BOOL_CONVERSION = YES;
				CLANG_WARN_CONSTANT_CONVERSION = YES;
				CLANG_WARN_DIRECT_OBJC_ISA_USAGE = YES_ERROR;
				CLANG_WARN_EMPTY_BODY = YES;
				CLANG_WARN_ENUM_CONVERSION = YES;
				CLANG_WARN_INT_CONVERSION = YES;
				CLANG_WARN_OBJC_ROOT_CLASS = YES_ERROR;
				CLANG_WARN_UNREACHABLE_CODE = YES;
				CLANG_WARN__DUPLICATE_METHOD_MATCH = YES;
				"CODE_SIGN_IDENTITY[sdk=iphoneos*]" = "iPhone Developer";
				COPY_PHASE_STRIP = NO;
				DEBUG_INFORMATION_FORMAT = "dwarf-with-dsym";
				ENABLE_STRICT_OBJC_MSGSEND = YES;
				GCC_C_LANGUAGE_STANDARD = gnu99;
				GCC_DYNAMIC_NO_PIC = NO;
				GCC_NO_COMMON_BLOCKS = YES;
				GCC_OPTIMIZATION_LEVEL = 0;
				GCC_PREPROCESSOR_DEFINITIONS = (
					"DEBUG=1",
					"$(inherited)",
				);
				GCC_SYMBOLS_PRIVATE_EXTERN = NO;
				GCC_TREAT_WARNINGS_AS_ERRORS = YES;
				GCC_WARN_64_TO_32_BIT_CONVERSION = YES;
				GCC_WARN_ABOUT_MISSING_NEWLINE = YES;
				GCC_WARN_ABOUT_RETURN_TYPE = YES_ERROR;
				GCC_WARN_UNDECLARED_SELECTOR = YES;
				GCC_WARN_UNINITIALIZED_AUTOS = YES_AGGRESSIVE;
				GCC_WARN_UNUSED_FUNCTION = YES;
				GCC_WARN_UNUSED_VARIABLE = YES;
				IPHONEOS_DEPLOYMENT_TARGET = 8.0;
				MTL_ENABLE_DEBUG_INFO = YES;
				ONLY_ACTIVE_ARCH = YES;
				RUN_CLANG_STATIC_ANALYZER = YES;
				SDKROOT = iphoneos;
				SWIFT_OPTIMIZATION_LEVEL = "-Onone";
			};
			name = Debug;
		};
		794B0E721AEFDB970040F672 /* Release */ = {
			isa = XCBuildConfiguration;
			buildSettings = {
				ALWAYS_SEARCH_USER_PATHS = NO;
				CLANG_CXX_LANGUAGE_STANDARD = "gnu++0x";
				CLANG_CXX_LIBRARY = "libc++";
				CLANG_ENABLE_MODULES = YES;
				CLANG_ENABLE_OBJC_ARC = YES;
				CLANG_WARN_BOOL_CONVERSION = YES;
				CLANG_WARN_CONSTANT_CONVERSION = YES;
				CLANG_WARN_DIRECT_OBJC_ISA_USAGE = YES_ERROR;
				CLANG_WARN_EMPTY_BODY = YES;
				CLANG_WARN_ENUM_CONVERSION = YES;
				CLANG_WARN_INT_CONVERSION = YES;
				CLANG_WARN_OBJC_ROOT_CLASS = YES_ERROR;
				CLANG_WARN_UNREACHABLE_CODE = YES;
				CLANG_WARN__DUPLICATE_METHOD_MATCH = YES;
				"CODE_SIGN_IDENTITY[sdk=iphoneos*]" = "iPhone Developer";
				COPY_PHASE_STRIP = NO;
				DEBUG_INFORMATION_FORMAT = "dwarf-with-dsym";
				ENABLE_NS_ASSERTIONS = NO;
				ENABLE_STRICT_OBJC_MSGSEND = YES;
				GCC_C_LANGUAGE_STANDARD = gnu99;
				GCC_NO_COMMON_BLOCKS = YES;
				GCC_TREAT_WARNINGS_AS_ERRORS = YES;
				GCC_WARN_64_TO_32_BIT_CONVERSION = YES;
				GCC_WARN_ABOUT_MISSING_NEWLINE = YES;
				GCC_WARN_ABOUT_RETURN_TYPE = YES_ERROR;
				GCC_WARN_UNDECLARED_SELECTOR = YES;
				GCC_WARN_UNINITIALIZED_AUTOS = YES_AGGRESSIVE;
				GCC_WARN_UNUSED_FUNCTION = YES;
				GCC_WARN_UNUSED_VARIABLE = YES;
				IPHONEOS_DEPLOYMENT_TARGET = 8.0;
				MTL_ENABLE_DEBUG_INFO = NO;
				RUN_CLANG_STATIC_ANALYZER = YES;
				SDKROOT = iphoneos;
				VALIDATE_PRODUCT = YES;
			};
			name = Release;
		};
		794B0E741AEFDB970040F672 /* Debug */ = {
			isa = XCBuildConfiguration;
			buildSettings = {
				ASSETCATALOG_COMPILER_APPICON_NAME = AppIcon;
				INFOPLIST_FILE = Contacts/Info.plist;
				LD_RUNPATH_SEARCH_PATHS = "$(inherited) @executable_path/Frameworks";
				PRODUCT_NAME = "$(TARGET_NAME)";
			};
			name = Debug;
		};
		794B0E751AEFDB970040F672 /* Release */ = {
			isa = XCBuildConfiguration;
			buildSettings = {
				ASSETCATALOG_COMPILER_APPICON_NAME = AppIcon;
				INFOPLIST_FILE = Contacts/Info.plist;
				LD_RUNPATH_SEARCH_PATHS = "$(inherited) @executable_path/Frameworks";
				PRODUCT_NAME = "$(TARGET_NAME)";
			};
			name = Release;
		};
		794B0E771AEFDB970040F672 /* Debug */ = {
			isa = XCBuildConfiguration;
			buildSettings = {
				BUNDLE_LOADER = "$(TEST_HOST)";
				FRAMEWORK_SEARCH_PATHS = (
					"$(SDKROOT)/Developer/Library/Frameworks",
					"$(inherited)",
				);
				GCC_PREPROCESSOR_DEFINITIONS = (
					"DEBUG=1",
					"$(inherited)",
				);
				INFOPLIST_FILE = ContactsTests/Info.plist;
				LD_RUNPATH_SEARCH_PATHS = "$(inherited) @executable_path/Frameworks @loader_path/Frameworks";
				PRODUCT_NAME = "$(TARGET_NAME)";
				TEST_HOST = "$(BUILT_PRODUCTS_DIR)/Contacts.app/Contacts";
			};
			name = Debug;
		};
		794B0E781AEFDB970040F672 /* Release */ = {
			isa = XCBuildConfiguration;
			buildSettings = {
				BUNDLE_LOADER = "$(TEST_HOST)";
				FRAMEWORK_SEARCH_PATHS = (
					"$(SDKROOT)/Developer/Library/Frameworks",
					"$(inherited)",
				);
				INFOPLIST_FILE = ContactsTests/Info.plist;
				LD_RUNPATH_SEARCH_PATHS = "$(inherited) @executable_path/Frameworks @loader_path/Frameworks";
				PRODUCT_NAME = "$(TARGET_NAME)";
				TEST_HOST = "$(BUILT_PRODUCTS_DIR)/Contacts.app/Contacts";
			};
			name = Release;
		};
/* End XCBuildConfiguration section */

/* Begin XCConfigurationList section */
		794B0E4D1AEFDB970040F672 /* Build configuration list for PBXProject "Contacts" */ = {
			isa = XCConfigurationList;
			buildConfigurations = (
				794B0E711AEFDB970040F672 /* Debug */,
				794B0E721AEFDB970040F672 /* Release */,
			);
			defaultConfigurationIsVisible = 0;
			defaultConfigurationName = Release;
		};
		794B0E731AEFDB970040F672 /* Build configuration list for PBXNativeTarget "Contacts" */ = {
			isa = XCConfigurationList;
			buildConfigurations = (
				794B0E741AEFDB970040F672 /* Debug */,
				794B0E751AEFDB970040F672 /* Release */,
			);
			defaultConfigurationIsVisible = 0;
			defaultConfigurationName = Release;
		};
		794B0E761AEFDB970040F672 /* Build configuration list for PBXNativeTarget "ContactsTests" */ = {
			isa = XCConfigurationList;
			buildConfigurations = (
				794B0E771AEFDB970040F672 /* Debug */,
				794B0E781AEFDB970040F672 /* Release */,
			);
			defaultConfigurationIsVisible = 0;
			defaultConfigurationName = Release;
		};
/* End XCConfigurationList section */
	};
	rootObject = 794B0E4A1AEFDB970040F672 /* Project object */;
}
